// !$*UTF8*$!
{
	archiveVersion = 1;
	classes = {
	};
	objectVersion = 56;
	objects = {

/* Begin PBXBuildFile section */
		23295D952910C0F500CBA02A /* SwiftUIFoundationApp.swift in Sources */ = {isa = PBXBuildFile; fileRef = 23295D942910C0F500CBA02A /* SwiftUIFoundationApp.swift */; };
		23295D972910C0F500CBA02A /* ContentView.swift in Sources */ = {isa = PBXBuildFile; fileRef = 23295D962910C0F500CBA02A /* ContentView.swift */; };
		23295D992910C0F500CBA02A /* Assets.xcassets in Resources */ = {isa = PBXBuildFile; fileRef = 23295D982910C0F500CBA02A /* Assets.xcassets */; };
		23295D9C2910C0F500CBA02A /* Preview Assets.xcassets in Resources */ = {isa = PBXBuildFile; fileRef = 23295D9B2910C0F500CBA02A /* Preview Assets.xcassets */; };
		23295DA62910C0F600CBA02A /* SwiftUIFoundationTests.swift in Sources */ = {isa = PBXBuildFile; fileRef = 23295DA52910C0F600CBA02A /* SwiftUIFoundationTests.swift */; };
		23295DB02910C0F600CBA02A /* SwiftUIFoundationUITests.swift in Sources */ = {isa = PBXBuildFile; fileRef = 23295DAF2910C0F600CBA02A /* SwiftUIFoundationUITests.swift */; };
		23295DB22910C0F600CBA02A /* SwiftUIFoundationUITestsLaunchTests.swift in Sources */ = {isa = PBXBuildFile; fileRef = 23295DB12910C0F600CBA02A /* SwiftUIFoundationUITestsLaunchTests.swift */; };
/* End PBXBuildFile section */

/* Begin PBXContainerItemProxy section */
		23295DA22910C0F600CBA02A /* PBXContainerItemProxy */ = {
			isa = PBXContainerItemProxy;
			containerPortal = 23295D892910C0F500CBA02A /* Project object */;
			proxyType = 1;
			remoteGlobalIDString = 23295D902910C0F500CBA02A;
			remoteInfo = SwiftUIFoundation;
		};
		23295DAC2910C0F600CBA02A /* PBXContainerItemProxy */ = {
			isa = PBXContainerItemProxy;
			containerPortal = 23295D892910C0F500CBA02A /* Project object */;
			proxyType = 1;
			remoteGlobalIDString = 23295D902910C0F500CBA02A;
			remoteInfo = SwiftUIFoundation;
		};
/* End PBXContainerItemProxy section */

/* Begin PBXFileReference section */
		23295D912910C0F500CBA02A /* SwiftUIFoundation.app */ = {isa = PBXFileReference; explicitFileType = wrapper.application; includeInIndex = 0; path = SwiftUIFoundation.app; sourceTree = BUILT_PRODUCTS_DIR; };
		23295D942910C0F500CBA02A /* SwiftUIFoundationApp.swift */ = {isa = PBXFileReference; lastKnownFileType = sourcecode.swift; path = SwiftUIFoundationApp.swift; sourceTree = "<group>"; };
		23295D962910C0F500CBA02A /* ContentView.swift */ = {isa = PBXFileReference; lastKnownFileType = sourcecode.swift; path = ContentView.swift; sourceTree = "<group>"; };
		23295D982910C0F500CBA02A /* Assets.xcassets */ = {isa = PBXFileReference; lastKnownFileType = folder.assetcatalog; path = Assets.xcassets; sourceTree = "<group>"; };
		23295D9B2910C0F500CBA02A /* Preview Assets.xcassets */ = {isa = PBXFileReference; lastKnownFileType = folder.assetcatalog; path = "Preview Assets.xcassets"; sourceTree = "<group>"; };
		23295DA12910C0F600CBA02A /* SwiftUIFoundationTests.xctest */ = {isa = PBXFileReference; explicitFileType = wrapper.cfbundle; includeInIndex = 0; path = SwiftUIFoundationTests.xctest; sourceTree = BUILT_PRODUCTS_DIR; };
		23295DA52910C0F600CBA02A /* SwiftUIFoundationTests.swift */ = {isa = PBXFileReference; lastKnownFileType = sourcecode.swift; path = SwiftUIFoundationTests.swift; sourceTree = "<group>"; };
		23295DAB2910C0F600CBA02A /* SwiftUIFoundationUITests.xctest */ = {isa = PBXFileReference; explicitFileType = wrapper.cfbundle; includeInIndex = 0; path = SwiftUIFoundationUITests.xctest; sourceTree = BUILT_PRODUCTS_DIR; };
		23295DAF2910C0F600CBA02A /* SwiftUIFoundationUITests.swift */ = {isa = PBXFileReference; lastKnownFileType = sourcecode.swift; path = SwiftUIFoundationUITests.swift; sourceTree = "<group>"; };
		23295DB12910C0F600CBA02A /* SwiftUIFoundationUITestsLaunchTests.swift */ = {isa = PBXFileReference; lastKnownFileType = sourcecode.swift; path = SwiftUIFoundationUITestsLaunchTests.swift; sourceTree = "<group>"; };
/* End PBXFileReference section */

/* Begin PBXFrameworksBuildPhase section */
		23295D8E2910C0F500CBA02A /* Frameworks */ = {
			isa = PBXFrameworksBuildPhase;
			buildActionMask = 2147483647;
			files = (
			);
			runOnlyForDeploymentPostprocessing = 0;
		};
		23295D9E2910C0F600CBA02A /* Frameworks */ = {
			isa = PBXFrameworksBuildPhase;
			buildActionMask = 2147483647;
			files = (
			);
			runOnlyForDeploymentPostprocessing = 0;
		};
		23295DA82910C0F600CBA02A /* Frameworks */ = {
			isa = PBXFrameworksBuildPhase;
			buildActionMask = 2147483647;
			files = (
			);
			runOnlyForDeploymentPostprocessing = 0;
		};
/* End PBXFrameworksBuildPhase section */

/* Begin PBXGroup section */
		23295D882910C0F500CBA02A = {
			isa = PBXGroup;
			children = (
				23295D932910C0F500CBA02A /* SwiftUIFoundation */,
				23295DA42910C0F600CBA02A /* SwiftUIFoundationTests */,
				23295DAE2910C0F600CBA02A /* SwiftUIFoundationUITests */,
				23295D922910C0F500CBA02A /* Products */,
			);
			sourceTree = "<group>";
		};
		23295D922910C0F500CBA02A /* Products */ = {
			isa = PBXGroup;
			children = (
				23295D912910C0F500CBA02A /* SwiftUIFoundation.app */,
				23295DA12910C0F600CBA02A /* SwiftUIFoundationTests.xctest */,
				23295DAB2910C0F600CBA02A /* SwiftUIFoundationUITests.xctest */,
			);
			name = Products;
			sourceTree = "<group>";
		};
		23295D932910C0F500CBA02A /* SwiftUIFoundation */ = {
			isa = PBXGroup;
			children = (
				23295D942910C0F500CBA02A /* SwiftUIFoundationApp.swift */,
				23295D962910C0F500CBA02A /* ContentView.swift */,
				23295D982910C0F500CBA02A /* Assets.xcassets */,
				23295D9A2910C0F500CBA02A /* Preview Content */,
			);
			path = SwiftUIFoundation;
			sourceTree = "<group>";
		};
		23295D9A2910C0F500CBA02A /* Preview Content */ = {
			isa = PBXGroup;
			children = (
				23295D9B2910C0F500CBA02A /* Preview Assets.xcassets */,
			);
			path = "Preview Content";
			sourceTree = "<group>";
		};
		23295DA42910C0F600CBA02A /* SwiftUIFoundationTests */ = {
			isa = PBXGroup;
			children = (
				23295DA52910C0F600CBA02A /* SwiftUIFoundationTests.swift */,
			);
			path = SwiftUIFoundationTests;
			sourceTree = "<group>";
		};
		23295DAE2910C0F600CBA02A /* SwiftUIFoundationUITests */ = {
			isa = PBXGroup;
			children = (
				23295DAF2910C0F600CBA02A /* SwiftUIFoundationUITests.swift */,
				23295DB12910C0F600CBA02A /* SwiftUIFoundationUITestsLaunchTests.swift */,
			);
			path = SwiftUIFoundationUITests;
			sourceTree = "<group>";
		};
/* End PBXGroup section */

/* Begin PBXNativeTarget section */
		23295D902910C0F500CBA02A /* SwiftUIFoundation */ = {
			isa = PBXNativeTarget;
			buildConfigurationList = 23295DB52910C0F600CBA02A /* Build configuration list for PBXNativeTarget "SwiftUIFoundation" */;
			buildPhases = (
				23295D8D2910C0F500CBA02A /* Sources */,
				23295D8E2910C0F500CBA02A /* Frameworks */,
				23295D8F2910C0F500CBA02A /* Resources */,
			);
			buildRules = (
			);
			dependencies = (
			);
			name = SwiftUIFoundation;
			productName = SwiftUIFoundation;
			productReference = 23295D912910C0F500CBA02A /* SwiftUIFoundation.app */;
			productType = "com.apple.product-type.application";
		};
		23295DA02910C0F600CBA02A /* SwiftUIFoundationTests */ = {
			isa = PBXNativeTarget;
			buildConfigurationList = 23295DB82910C0F600CBA02A /* Build configuration list for PBXNativeTarget "SwiftUIFoundationTests" */;
			buildPhases = (
				23295D9D2910C0F600CBA02A /* Sources */,
				23295D9E2910C0F600CBA02A /* Frameworks */,
				23295D9F2910C0F600CBA02A /* Resources */,
			);
			buildRules = (
			);
			dependencies = (
				23295DA32910C0F600CBA02A /* PBXTargetDependency */,
			);
			name = SwiftUIFoundationTests;
			productName = SwiftUIFoundationTests;
			productReference = 23295DA12910C0F600CBA02A /* SwiftUIFoundationTests.xctest */;
			productType = "com.apple.product-type.bundle.unit-test";
		};
		23295DAA2910C0F600CBA02A /* SwiftUIFoundationUITests */ = {
			isa = PBXNativeTarget;
			buildConfigurationList = 23295DBB2910C0F600CBA02A /* Build configuration list for PBXNativeTarget "SwiftUIFoundationUITests" */;
			buildPhases = (
				23295DA72910C0F600CBA02A /* Sources */,
				23295DA82910C0F600CBA02A /* Frameworks */,
				23295DA92910C0F600CBA02A /* Resources */,
			);
			buildRules = (
			);
			dependencies = (
				23295DAD2910C0F600CBA02A /* PBXTargetDependency */,
			);
			name = SwiftUIFoundationUITests;
			productName = SwiftUIFoundationUITests;
			productReference = 23295DAB2910C0F600CBA02A /* SwiftUIFoundationUITests.xctest */;
			productType = "com.apple.product-type.bundle.ui-testing";
		};
/* End PBXNativeTarget section */

/* Begin PBXProject section */
		23295D892910C0F500CBA02A /* Project object */ = {
			isa = PBXProject;
			attributes = {
				BuildIndependentTargetsInParallel = 1;
				LastSwiftUpdateCheck = 1410;
				LastUpgradeCheck = 1410;
				TargetAttributes = {
					23295D902910C0F500CBA02A = {
						CreatedOnToolsVersion = 14.1;
					};
					23295DA02910C0F600CBA02A = {
						CreatedOnToolsVersion = 14.1;
						TestTargetID = 23295D902910C0F500CBA02A;
					};
					23295DAA2910C0F600CBA02A = {
						CreatedOnToolsVersion = 14.1;
						TestTargetID = 23295D902910C0F500CBA02A;
					};
				};
			};
			buildConfigurationList = 23295D8C2910C0F500CBA02A /* Build configuration list for PBXProject "SwiftUIFoundation" */;
			compatibilityVersion = "Xcode 14.0";
			developmentRegion = en;
			hasScannedForEncodings = 0;
			knownRegions = (
				en,
				Base,
			);
			mainGroup = 23295D882910C0F500CBA02A;
			productRefGroup = 23295D922910C0F500CBA02A /* Products */;
			projectDirPath = "";
			projectRoot = "";
			targets = (
				23295D902910C0F500CBA02A /* SwiftUIFoundation */,
				23295DA02910C0F600CBA02A /* SwiftUIFoundationTests */,
				23295DAA2910C0F600CBA02A /* SwiftUIFoundationUITests */,
			);
		};
/* End PBXProject section */

/* Begin PBXResourcesBuildPhase section */
		23295D8F2910C0F500CBA02A /* Resources */ = {
			isa = PBXResourcesBuildPhase;
			buildActionMask = 2147483647;
			files = (
				23295D9C2910C0F500CBA02A /* Preview Assets.xcassets in Resources */,
				23295D992910C0F500CBA02A /* Assets.xcassets in Resources */,
			);
			runOnlyForDeploymentPostprocessing = 0;
		};
		23295D9F2910C0F600CBA02A /* Resources */ = {
			isa = PBXResourcesBuildPhase;
			buildActionMask = 2147483647;
			files = (
			);
			runOnlyForDeploymentPostprocessing = 0;
		};
		23295DA92910C0F600CBA02A /* Resources */ = {
			isa = PBXResourcesBuildPhase;
			buildActionMask = 2147483647;
			files = (
			);
			runOnlyForDeploymentPostprocessing = 0;
		};
/* End PBXResourcesBuildPhase section */

/* Begin PBXSourcesBuildPhase section */
		23295D8D2910C0F500CBA02A /* Sources */ = {
			isa = PBXSourcesBuildPhase;
			buildActionMask = 2147483647;
			files = (
				23295D972910C0F500CBA02A /* ContentView.swift in Sources */,
				23295D952910C0F500CBA02A /* SwiftUIFoundationApp.swift in Sources */,
			);
			runOnlyForDeploymentPostprocessing = 0;
		};
		23295D9D2910C0F600CBA02A /* Sources */ = {
			isa = PBXSourcesBuildPhase;
			buildActionMask = 2147483647;
			files = (
				23295DA62910C0F600CBA02A /* SwiftUIFoundationTests.swift in Sources */,
			);
			runOnlyForDeploymentPostprocessing = 0;
		};
		23295DA72910C0F600CBA02A /* Sources */ = {
			isa = PBXSourcesBuildPhase;
			buildActionMask = 2147483647;
			files = (
				23295DB02910C0F600CBA02A /* SwiftUIFoundationUITests.swift in Sources */,
				23295DB22910C0F600CBA02A /* SwiftUIFoundationUITestsLaunchTests.swift in Sources */,
			);
			runOnlyForDeploymentPostprocessing = 0;
		};
/* End PBXSourcesBuildPhase section */

/* Begin PBXTargetDependency section */
		23295DA32910C0F600CBA02A /* PBXTargetDependency */ = {
			isa = PBXTargetDependency;
			target = 23295D902910C0F500CBA02A /* SwiftUIFoundation */;
			targetProxy = 23295DA22910C0F600CBA02A /* PBXContainerItemProxy */;
		};
		23295DAD2910C0F600CBA02A /* PBXTargetDependency */ = {
			isa = PBXTargetDependency;
			target = 23295D902910C0F500CBA02A /* SwiftUIFoundation */;
			targetProxy = 23295DAC2910C0F600CBA02A /* PBXContainerItemProxy */;
		};
/* End PBXTargetDependency section */

/* Begin XCBuildConfiguration section */
		23295DB32910C0F600CBA02A /* Debug */ = {
			isa = XCBuildConfiguration;
			buildSettings = {
				ALWAYS_SEARCH_USER_PATHS = NO;
				CLANG_ANALYZER_NONNULL = YES;
				CLANG_ANALYZER_NUMBER_OBJECT_CONVERSION = YES_AGGRESSIVE;
				CLANG_CXX_LANGUAGE_STANDARD = "gnu++20";
				CLANG_ENABLE_MODULES = YES;
				CLANG_ENABLE_OBJC_ARC = YES;
				CLANG_ENABLE_OBJC_WEAK = YES;
				CLANG_WARN_BLOCK_CAPTURE_AUTORELEASING = YES;
				CLANG_WARN_BOOL_CONVERSION = YES;
				CLANG_WARN_COMMA = YES;
				CLANG_WARN_CONSTANT_CONVERSION = YES;
				CLANG_WARN_DEPRECATED_OBJC_IMPLEMENTATIONS = YES;
				CLANG_WARN_DIRECT_OBJC_ISA_USAGE = YES_ERROR;
				CLANG_WARN_DOCUMENTATION_COMMENTS = YES;
				CLANG_WARN_EMPTY_BODY = YES;
				CLANG_WARN_ENUM_CONVERSION = YES;
				CLANG_WARN_INFINITE_RECURSION = YES;
				CLANG_WARN_INT_CONVERSION = YES;
				CLANG_WARN_NON_LITERAL_NULL_CONVERSION = YES;
				CLANG_WARN_OBJC_IMPLICIT_RETAIN_SELF = YES;
				CLANG_WARN_OBJC_LITERAL_CONVERSION = YES;
				CLANG_WARN_OBJC_ROOT_CLASS = YES_ERROR;
				CLANG_WARN_QUOTED_INCLUDE_IN_FRAMEWORK_HEADER = YES;
				CLANG_WARN_RANGE_LOOP_ANALYSIS = YES;
				CLANG_WARN_STRICT_PROTOTYPES = YES;
				CLANG_WARN_SUSPICIOUS_MOVE = YES;
				CLANG_WARN_UNGUARDED_AVAILABILITY = YES_AGGRESSIVE;
				CLANG_WARN_UNREACHABLE_CODE = YES;
				CLANG_WARN__DUPLICATE_METHOD_MATCH = YES;
				COPY_PHASE_STRIP = NO;
				DEBUG_INFORMATION_FORMAT = dwarf;
				ENABLE_STRICT_OBJC_MSGSEND = YES;
				ENABLE_TESTABILITY = YES;
				GCC_C_LANGUAGE_STANDARD = gnu11;
				GCC_DYNAMIC_NO_PIC = NO;
				GCC_NO_COMMON_BLOCKS = YES;
				GCC_OPTIMIZATION_LEVEL = 0;
				GCC_PREPROCESSOR_DEFINITIONS = (
					"DEBUG=1",
					"$(inherited)",
				);
				GCC_WARN_64_TO_32_BIT_CONVERSION = YES;
				GCC_WARN_ABOUT_RETURN_TYPE = YES_ERROR;
				GCC_WARN_UNDECLARED_SELECTOR = YES;
				GCC_WARN_UNINITIALIZED_AUTOS = YES_AGGRESSIVE;
				GCC_WARN_UNUSED_FUNCTION = YES;
				GCC_WARN_UNUSED_VARIABLE = YES;
				IPHONEOS_DEPLOYMENT_TARGET = 16.1;
				MTL_ENABLE_DEBUG_INFO = INCLUDE_SOURCE;
				MTL_FAST_MATH = YES;
				ONLY_ACTIVE_ARCH = YES;
				SDKROOT = iphoneos;
				SWIFT_ACTIVE_COMPILATION_CONDITIONS = DEBUG;
				SWIFT_OPTIMIZATION_LEVEL = "-Onone";
			};
			name = Debug;
		};
		23295DB42910C0F600CBA02A /* Release */ = {
			isa = XCBuildConfiguration;
			buildSettings = {
				ALWAYS_SEARCH_USER_PATHS = NO;
				CLANG_ANALYZER_NONNULL = YES;
				CLANG_ANALYZER_NUMBER_OBJECT_CONVERSION = YES_AGGRESSIVE;
				CLANG_CXX_LANGUAGE_STANDARD = "gnu++20";
				CLANG_ENABLE_MODULES = YES;
				CLANG_ENABLE_OBJC_ARC = YES;
				CLANG_ENABLE_OBJC_WEAK = YES;
				CLANG_WARN_BLOCK_CAPTURE_AUTORELEASING = YES;
				CLANG_WARN_BOOL_CONVERSION = YES;
				CLANG_WARN_COMMA = YES;
				CLANG_WARN_CONSTANT_CONVERSION = YES;
				CLANG_WARN_DEPRECATED_OBJC_IMPLEMENTATIONS = YES;
				CLANG_WARN_DIRECT_OBJC_ISA_USAGE = YES_ERROR;
				CLANG_WARN_DOCUMENTATION_COMMENTS = YES;
				CLANG_WARN_EMPTY_BODY = YES;
				CLANG_WARN_ENUM_CONVERSION = YES;
				CLANG_WARN_INFINITE_RECURSION = YES;
				CLANG_WARN_INT_CONVERSION = YES;
				CLANG_WARN_NON_LITERAL_NULL_CONVERSION = YES;
				CLANG_WARN_OBJC_IMPLICIT_RETAIN_SELF = YES;
				CLANG_WARN_OBJC_LITERAL_CONVERSION = YES;
				CLANG_WARN_OBJC_ROOT_CLASS = YES_ERROR;
				CLANG_WARN_QUOTED_INCLUDE_IN_FRAMEWORK_HEADER = YES;
				CLANG_WARN_RANGE_LOOP_ANALYSIS = YES;
				CLANG_WARN_STRICT_PROTOTYPES = YES;
				CLANG_WARN_SUSPICIOUS_MOVE = YES;
				CLANG_WARN_UNGUARDED_AVAILABILITY = YES_AGGRESSIVE;
				CLANG_WARN_UNREACHABLE_CODE = YES;
				CLANG_WARN__DUPLICATE_METHOD_MATCH = YES;
				COPY_PHASE_STRIP = NO;
				DEBUG_INFORMATION_FORMAT = "dwarf-with-dsym";
				ENABLE_NS_ASSERTIONS = NO;
				ENABLE_STRICT_OBJC_MSGSEND = YES;
				GCC_C_LANGUAGE_STANDARD = gnu11;
				GCC_NO_COMMON_BLOCKS = YES;
				GCC_WARN_64_TO_32_BIT_CONVERSION = YES;
				GCC_WARN_ABOUT_RETURN_TYPE = YES_ERROR;
				GCC_WARN_UNDECLARED_SELECTOR = YES;
				GCC_WARN_UNINITIALIZED_AUTOS = YES_AGGRESSIVE;
				GCC_WARN_UNUSED_FUNCTION = YES;
				GCC_WARN_UNUSED_VARIABLE = YES;
				IPHONEOS_DEPLOYMENT_TARGET = 16.1;
				MTL_ENABLE_DEBUG_INFO = NO;
				MTL_FAST_MATH = YES;
				SDKROOT = iphoneos;
				SWIFT_COMPILATION_MODE = wholemodule;
				SWIFT_OPTIMIZATION_LEVEL = "-O";
				VALIDATE_PRODUCT = YES;
			};
			name = Release;
		};
		23295DB62910C0F600CBA02A /* Debug */ = {
			isa = XCBuildConfiguration;
			buildSettings = {
				ASSETCATALOG_COMPILER_APPICON_NAME = AppIcon;
				ASSETCATALOG_COMPILER_GLOBAL_ACCENT_COLOR_NAME = AccentColor;
				CODE_SIGN_STYLE = Automatic;
				CURRENT_PROJECT_VERSION = 1;
				DEVELOPMENT_ASSET_PATHS = "\"SwiftUIFoundation/Preview Content\"";
				ENABLE_PREVIEWS = YES;
				GENERATE_INFOPLIST_FILE = YES;
				INFOPLIST_KEY_UIApplicationSceneManifest_Generation = YES;
				INFOPLIST_KEY_UIApplicationSupportsIndirectInputEvents = YES;
				INFOPLIST_KEY_UILaunchScreen_Generation = YES;
				INFOPLIST_KEY_UISupportedInterfaceOrientations_iPad = "UIInterfaceOrientationPortrait UIInterfaceOrientationPortraitUpsideDown UIInterfaceOrientationLandscapeLeft UIInterfaceOrientationLandscapeRight";
				INFOPLIST_KEY_UISupportedInterfaceOrientations_iPhone = "UIInterfaceOrientationPortrait UIInterfaceOrientationLandscapeLeft UIInterfaceOrientationLandscapeRight";
				LD_RUNPATH_SEARCH_PATHS = (
					"$(inherited)",
					"@executable_path/Frameworks",
				);
				MARKETING_VERSION = 1.0;
				PRODUCT_BUNDLE_IDENTIFIER = com.robert.rs.SwiftUIFoundation;
				PRODUCT_NAME = "$(TARGET_NAME)";
				SWIFT_EMIT_LOC_STRINGS = YES;
				SWIFT_VERSION = 5.0;
				TARGETED_DEVICE_FAMILY = "1,2";
			};
			name = Debug;
		};
		23295DB72910C0F600CBA02A /* Release */ = {
			isa = XCBuildConfiguration;
			buildSettings = {
				ASSETCATALOG_COMPILER_APPICON_NAME = AppIcon;
				ASSETCATALOG_COMPILER_GLOBAL_ACCENT_COLOR_NAME = AccentColor;
				CODE_SIGN_STYLE = Automatic;
				CURRENT_PROJECT_VERSION = 1;
				DEVELOPMENT_ASSET_PATHS = "\"SwiftUIFoundation/Preview Content\"";
				ENABLE_PREVIEWS = YES;
				GENERATE_INFOPLIST_FILE = YES;
				INFOPLIST_KEY_UIApplicationSceneManifest_Generation = YES;
				INFOPLIST_KEY_UIApplicationSupportsIndirectInputEvents = YES;
				INFOPLIST_KEY_UILaunchScreen_Generation = YES;
				INFOPLIST_KEY_UISupportedInterfaceOrientations_iPad = "UIInterfaceOrientationPortrait UIInterfaceOrientationPortraitUpsideDown UIInterfaceOrientationLandscapeLeft UIInterfaceOrientationLandscapeRight";
				INFOPLIST_KEY_UISupportedInterfaceOrientations_iPhone = "UIInterfaceOrientationPortrait UIInterfaceOrientationLandscapeLeft UIInterfaceOrientationLandscapeRight";
				LD_RUNPATH_SEARCH_PATHS = (
					"$(inherited)",
					"@executable_path/Frameworks",
				);
				MARKETING_VERSION = 1.0;
				PRODUCT_BUNDLE_IDENTIFIER = com.robert.rs.SwiftUIFoundation;
				PRODUCT_NAME = "$(TARGET_NAME)";
				SWIFT_EMIT_LOC_STRINGS = YES;
				SWIFT_VERSION = 5.0;
				TARGETED_DEVICE_FAMILY = "1,2";
			};
			name = Release;
		};
		23295DB92910C0F600CBA02A /* Debug */ = {
			isa = XCBuildConfiguration;
			buildSettings = {
				ALWAYS_EMBED_SWIFT_STANDARD_LIBRARIES = YES;
				BUNDLE_LOADER = "$(TEST_HOST)";
				CODE_SIGN_STYLE = Automatic;
				CURRENT_PROJECT_VERSION = 1;
				GENERATE_INFOPLIST_FILE = YES;
				IPHONEOS_DEPLOYMENT_TARGET = 16.1;
				MARKETING_VERSION = 1.0;
				PRODUCT_BUNDLE_IDENTIFIER = com.robert.rs.SwiftUIFoundationTests;
				PRODUCT_NAME = "$(TARGET_NAME)";
				SWIFT_EMIT_LOC_STRINGS = NO;
				SWIFT_VERSION = 5.0;
				TARGETED_DEVICE_FAMILY = "1,2";
				TEST_HOST = "$(BUILT_PRODUCTS_DIR)/SwiftUIFoundation.app/$(BUNDLE_EXECUTABLE_FOLDER_PATH)/SwiftUIFoundation";
			};
			name = Debug;
		};
		23295DBA2910C0F600CBA02A /* Release */ = {
			isa = XCBuildConfiguration;
			buildSettings = {
				ALWAYS_EMBED_SWIFT_STANDARD_LIBRARIES = YES;
				BUNDLE_LOADER = "$(TEST_HOST)";
				CODE_SIGN_STYLE = Automatic;
				CURRENT_PROJECT_VERSION = 1;
				GENERATE_INFOPLIST_FILE = YES;
				IPHONEOS_DEPLOYMENT_TARGET = 16.1;
				MARKETING_VERSION = 1.0;
				PRODUCT_BUNDLE_IDENTIFIER = com.robert.rs.SwiftUIFoundationTests;
				PRODUCT_NAME = "$(TARGET_NAME)";
				SWIFT_EMIT_LOC_STRINGS = NO;
				SWIFT_VERSION = 5.0;
				TARGETED_DEVICE_FAMILY = "1,2";
				TEST_HOST = "$(BUILT_PRODUCTS_DIR)/SwiftUIFoundation.app/$(BUNDLE_EXECUTABLE_FOLDER_PATH)/SwiftUIFoundation";
			};
			name = Release;
		};
		23295DBC2910C0F600CBA02A /* Debug */ = {
			isa = XCBuildConfiguration;
			buildSettings = {
				ALWAYS_EMBED_SWIFT_STANDARD_LIBRARIES = YES;
				CODE_SIGN_STYLE = Automatic;
				CURRENT_PROJECT_VERSION = 1;
				GENERATE_INFOPLIST_FILE = YES;
				MARKETING_VERSION = 1.0;
				PRODUCT_BUNDLE_IDENTIFIER = com.robert.rs.SwiftUIFoundationUITests;
				PRODUCT_NAME = "$(TARGET_NAME)";
				SWIFT_EMIT_LOC_STRINGS = NO;
				SWIFT_VERSION = 5.0;
				TARGETED_DEVICE_FAMILY = "1,2";
				TEST_TARGET_NAME = SwiftUIFoundation;
			};
			name = Debug;
		};
		23295DBD2910C0F600CBA02A /* Release */ = {
			isa = XCBuildConfiguration;
			buildSettings = {
				ALWAYS_EMBED_SWIFT_STANDARD_LIBRARIES = YES;
				CODE_SIGN_STYLE = Automatic;
				CURRENT_PROJECT_VERSION = 1;
				GENERATE_INFOPLIST_FILE = YES;
				MARKETING_VERSION = 1.0;
				PRODUCT_BUNDLE_IDENTIFIER = com.robert.rs.SwiftUIFoundationUITests;
				PRODUCT_NAME = "$(TARGET_NAME)";
				SWIFT_EMIT_LOC_STRINGS = NO;
				SWIFT_VERSION = 5.0;
				TARGETED_DEVICE_FAMILY = "1,2";
				TEST_TARGET_NAME = SwiftUIFoundation;
			};
			name = Release;
		};
/* End XCBuildConfiguration section */

/* Begin XCConfigurationList section */
		23295D8C2910C0F500CBA02A /* Build configuration list for PBXProject "SwiftUIFoundation" */ = {
			isa = XCConfigurationList;
			buildConfigurations = (
				23295DB32910C0F600CBA02A /* Debug */,
				23295DB42910C0F600CBA02A /* Release */,
			);
			defaultConfigurationIsVisible = 0;
			defaultConfigurationName = Release;
		};
		23295DB52910C0F600CBA02A /* Build configuration list for PBXNativeTarget "SwiftUIFoundation" */ = {
			isa = XCConfigurationList;
			buildConfigurations = (
				23295DB62910C0F600CBA02A /* Debug */,
				23295DB72910C0F600CBA02A /* Release */,
			);
			defaultConfigurationIsVisible = 0;
			defaultConfigurationName = Release;
		};
		23295DB82910C0F600CBA02A /* Build configuration list for PBXNativeTarget "SwiftUIFoundationTests" */ = {
			isa = XCConfigurationList;
			buildConfigurations = (
				23295DB92910C0F600CBA02A /* Debug */,
				23295DBA2910C0F600CBA02A /* Release */,
			);
			defaultConfigurationIsVisible = 0;
			defaultConfigurationName = Release;
		};
		23295DBB2910C0F600CBA02A /* Build configuration list for PBXNativeTarget "SwiftUIFoundationUITests" */ = {
			isa = XCConfigurationList;
			buildConfigurations = (
				23295DBC2910C0F600CBA02A /* Debug */,
				23295DBD2910C0F600CBA02A /* Release */,
			);
			defaultConfigurationIsVisible = 0;
			defaultConfigurationName = Release;
		};
/* End XCConfigurationList section */
	};
	rootObject = 23295D892910C0F500CBA02A /* Project object */;
}
